
Microsoft Visual Studio Solution File, Format Version 12.00
# Visual Studio Version 16
VisualStudioVersion = 16.0.30804.86
MinimumVisualStudioVersion = 10.0.40219.1
Project("{FAE04EC0-301F-11D3-BF4B-00C04F79EFBC}") = "stategy_pattern", "stategy_pattern\stategy_pattern.csproj", "{E96D97F7-8572-4628-BB64-9EC9E7548D5A}"
EndProject
Global
	GlobalSection(SolutionConfigurationPlatforms) = preSolution
		Debug|Any CPU = Debug|Any CPU
		Release|Any CPU = Release|Any CPU
	EndGlobalSection
	GlobalSection(ProjectConfigurationPlatforms) = postSolution
		{E96D97F7-8572-4628-BB64-9EC9E7548D5A}.Debug|Any CPU.ActiveCfg = Debug|Any CPU
		{E96D97F7-8572-4628-BB64-9EC9E7548D5A}.Debug|Any CPU.Build.0 = Debug|Any CPU
		{E96D97F7-8572-4628-BB64-9EC9E7548D5A}.Release|Any CPU.ActiveCfg = Release|Any CPU
		{E96D97F7-8572-4628-BB64-9EC9E7548D5A}.Release|Any CPU.Build.0 = Release|Any CPU
	EndGlobalSection
	GlobalSection(SolutionProperties) = preSolution
		HideSolutionNode = FALSE
	EndGlobalSection
	GlobalSection(ExtensibilityGlobals) = postSolution
		SolutionGuid = {057C632A-EABC-4067-8D16-78FE980F44DC}
	EndGlobalSection
EndGlobal
